
Microsoft Visual Studio Solution File, Format Version 12.00
Project("{2150E333-8FDC-42A3-9474-1A3956D46DE8}") = "src", "src", "{DD816332-27DE-4970-B2FF-07BBD23C0CED}"
EndProject
Project("{2150E333-8FDC-42A3-9474-1A3956D46DE8}") = "tests", "tests", "{AB4D4AC8-E89B-42ED-9CE0-AD143F64352B}"
EndProject
Project("{FAE04EC0-301F-11D3-BF4B-00C04F79EFBC}") = "UnitTests", "tests\UnitTests\UnitTests.csproj", "{2C2B948B-2317-4047-A639-D676C2BDAC98}"
EndProject
Project("{FAE04EC0-301F-11D3-BF4B-00C04F79EFBC}") = "IntegrationTests", "tests\IntegrationTests\IntegrationTests.csproj", "{4AF5FCC8-FF4B-4955-A77F-4EB4E8D70172}"
EndProject
Project("{FAE04EC0-301F-11D3-BF4B-00C04F79EFBC}") = "ArchitectureTests", "tests\ArchitectureTests\ArchitectureTests.csproj", "{504ED469-CF69-4989-AF7C-A6096B955C62}"
EndProject
Project("{FAE04EC0-301F-11D3-BF4B-00C04F79EFBC}") = "BuildingBlocks.Domain", "src\BuildingBlocks\BuildingBlocks.Domain\BuildingBlocks.Domain.csproj", "{DCFB0F9E-1BF9-4D65-B8E5-FD7983FA39D2}"
EndProject
Project("{FAE04EC0-301F-11D3-BF4B-00C04F79EFBC}") = "BuildingBlocks.Infrastructure", "src\BuildingBlocks\BuildingBlocks.Infrastructure\BuildingBlocks.Infrastructure.csproj", "{4A898616-518A-4CD3-84C5-A4A0535B64D0}"
EndProject
Project("{FAE04EC0-301F-11D3-BF4B-00C04F79EFBC}") = "BuildingBlocks.Integrations.OneC", "src\BuildingBlocks\BuildingBlocks.Integrations.OneC\BuildingBlocks.Integrations.OneC.csproj", "{4329132A-3715-4DD5-ACE9-3FF2A16EF1E8}"
EndProject
Project("{FAE04EC0-301F-11D3-BF4B-00C04F79EFBC}") = "BuildingBlocks.Application", "src\BuildingBlocks\BuildingBlocks.Application\BuildingBlocks.Application.csproj", "{7F3FC4C9-88A5-4387-882C-810D8412400A}"
EndProject
Project("{FAE04EC0-301F-11D3-BF4B-00C04F79EFBC}") = "Catalog.Domain", "src\Catalog\Catalog.Domain\Catalog.Domain.csproj", "{AA10423A-5D8C-41B9-A615-9971B24B0777}"
EndProject
Project("{FAE04EC0-301F-11D3-BF4B-00C04F79EFBC}") = "Catalog.Infrastructure", "src\Catalog\Catalog.Infrastructure\Catalog.Infrastructure.csproj", "{93784EC1-5DB7-4A90-874C-BE3AF82A32CE}"
EndProject
Project("{FAE04EC0-301F-11D3-BF4B-00C04F79EFBC}") = "Catalog.Application", "src\Catalog\Catalog.Application\Catalog.Application.csproj", "{12D032C4-9338-4163-81DF-31522B79DB69}"
EndProject
Project("{FAE04EC0-301F-11D3-BF4B-00C04F79EFBC}") = "Catalog.Api", "src\Catalog\Catalog.Api\Catalog.Api.csproj", "{6660BD36-BE90-4A85-9485-5F55B220844A}"
EndProject
Project("{FAE04EC0-301F-11D3-BF4B-00C04F79EFBC}") = "Identity.Domain", "src\Identity\Identity.Domain\Identity.Domain.csproj", "{872F4F99-890C-49FA-AD55-C220F8EC4E71}"
EndProject
Project("{FAE04EC0-301F-11D3-BF4B-00C04F79EFBC}") = "Identity.Infrastructure", "src\Identity\Identity.Infrastructure\Identity.Infrastructure.csproj", "{60B702D0-8738-4B4B-853D-C50277B2C6DB}"
EndProject
Project("{FAE04EC0-301F-11D3-BF4B-00C04F79EFBC}") = "Identity.Application", "src\Identity\Identity.Application\Identity.Application.csproj", "{12E88E8F-26B3-48AE-8BAC-C8F95EF690BF}"
EndProject
Project("{FAE04EC0-301F-11D3-BF4B-00C04F79EFBC}") = "Host.Api", "src\Bootstrapper\Host.Api\Host.Api.csproj", "{9F4ED3B6-3065-44F6-B642-C5F8BCFA9D9E}"
EndProject
Project("{2150E333-8FDC-42A3-9474-1A3956D46DE8}") = "BuildingBlocks", "BuildingBlocks", "{96FA3479-84F1-4938-A641-3F058F733E8A}"
EndProject
Project("{2150E333-8FDC-42A3-9474-1A3956D46DE8}") = "Bootstrapper", "Bootstrapper", "{6193BF37-B0AA-4EE3-BA9E-AC66E0D139B7}"
EndProject
Project("{2150E333-8FDC-42A3-9474-1A3956D46DE8}") = "Catalog", "Catalog", "{6E4A4D5C-7917-4839-A1ED-9707D6F97666}"
EndProject
Project("{2150E333-8FDC-42A3-9474-1A3956D46DE8}") = "Identity", "Identity", "{23E27F05-8DB4-4B92-9474-555906E60ABB}"
EndProject
Project("{FAE04EC0-301F-11D3-BF4B-00C04F79EFBC}") = "Host.Jobs", "src\Bootstrapper\Host.Jobs\Host.Jobs\Host.Jobs.csproj", "{BB00F4AE-65C4-44EC-9F40-57C793E8CD1E}"
EndProject
Global
	GlobalSection(SolutionConfigurationPlatforms) = preSolution
		Debug|Any CPU = Debug|Any CPU
		Release|Any CPU = Release|Any CPU
	EndGlobalSection
	GlobalSection(ProjectConfigurationPlatforms) = postSolution
		{2C2B948B-2317-4047-A639-D676C2BDAC98}.Debug|Any CPU.ActiveCfg = Debug|Any CPU
		{2C2B948B-2317-4047-A639-D676C2BDAC98}.Debug|Any CPU.Build.0 = Debug|Any CPU
		{2C2B948B-2317-4047-A639-D676C2BDAC98}.Release|Any CPU.ActiveCfg = Release|Any CPU
		{2C2B948B-2317-4047-A639-D676C2BDAC98}.Release|Any CPU.Build.0 = Release|Any CPU
		{4AF5FCC8-FF4B-4955-A77F-4EB4E8D70172}.Debug|Any CPU.ActiveCfg = Debug|Any CPU
		{4AF5FCC8-FF4B-4955-A77F-4EB4E8D70172}.Debug|Any CPU.Build.0 = Debug|Any CPU
		{4AF5FCC8-FF4B-4955-A77F-4EB4E8D70172}.Release|Any CPU.ActiveCfg = Release|Any CPU
		{4AF5FCC8-FF4B-4955-A77F-4EB4E8D70172}.Release|Any CPU.Build.0 = Release|Any CPU
		{504ED469-CF69-4989-AF7C-A6096B955C62}.Debug|Any CPU.ActiveCfg = Debug|Any CPU
		{504ED469-CF69-4989-AF7C-A6096B955C62}.Debug|Any CPU.Build.0 = Debug|Any CPU
		{504ED469-CF69-4989-AF7C-A6096B955C62}.Release|Any CPU.ActiveCfg = Release|Any CPU
		{504ED469-CF69-4989-AF7C-A6096B955C62}.Release|Any CPU.Build.0 = Release|Any CPU
		{DCFB0F9E-1BF9-4D65-B8E5-FD7983FA39D2}.Debug|Any CPU.ActiveCfg = Debug|Any CPU
		{DCFB0F9E-1BF9-4D65-B8E5-FD7983FA39D2}.Debug|Any CPU.Build.0 = Debug|Any CPU
		{DCFB0F9E-1BF9-4D65-B8E5-FD7983FA39D2}.Release|Any CPU.ActiveCfg = Release|Any CPU
		{DCFB0F9E-1BF9-4D65-B8E5-FD7983FA39D2}.Release|Any CPU.Build.0 = Release|Any CPU
		{4A898616-518A-4CD3-84C5-A4A0535B64D0}.Debug|Any CPU.ActiveCfg = Debug|Any CPU
		{4A898616-518A-4CD3-84C5-A4A0535B64D0}.Debug|Any CPU.Build.0 = Debug|Any CPU
		{4A898616-518A-4CD3-84C5-A4A0535B64D0}.Release|Any CPU.ActiveCfg = Release|Any CPU
		{4A898616-518A-4CD3-84C5-A4A0535B64D0}.Release|Any CPU.Build.0 = Release|Any CPU
		{4329132A-3715-4DD5-ACE9-3FF2A16EF1E8}.Debug|Any CPU.ActiveCfg = Debug|Any CPU
		{4329132A-3715-4DD5-ACE9-3FF2A16EF1E8}.Debug|Any CPU.Build.0 = Debug|Any CPU
		{4329132A-3715-4DD5-ACE9-3FF2A16EF1E8}.Release|Any CPU.ActiveCfg = Release|Any CPU
		{4329132A-3715-4DD5-ACE9-3FF2A16EF1E8}.Release|Any CPU.Build.0 = Release|Any CPU
		{7F3FC4C9-88A5-4387-882C-810D8412400A}.Debug|Any CPU.ActiveCfg = Debug|Any CPU
		{7F3FC4C9-88A5-4387-882C-810D8412400A}.Debug|Any CPU.Build.0 = Debug|Any CPU
		{7F3FC4C9-88A5-4387-882C-810D8412400A}.Release|Any CPU.ActiveCfg = Release|Any CPU
		{7F3FC4C9-88A5-4387-882C-810D8412400A}.Release|Any CPU.Build.0 = Release|Any CPU
		{AA10423A-5D8C-41B9-A615-9971B24B0777}.Debug|Any CPU.ActiveCfg = Debug|Any CPU
		{AA10423A-5D8C-41B9-A615-9971B24B0777}.Debug|Any CPU.Build.0 = Debug|Any CPU
		{AA10423A-5D8C-41B9-A615-9971B24B0777}.Release|Any CPU.ActiveCfg = Release|Any CPU
		{AA10423A-5D8C-41B9-A615-9971B24B0777}.Release|Any CPU.Build.0 = Release|Any CPU
		{93784EC1-5DB7-4A90-874C-BE3AF82A32CE}.Debug|Any CPU.ActiveCfg = Debug|Any CPU
		{93784EC1-5DB7-4A90-874C-BE3AF82A32CE}.Debug|Any CPU.Build.0 = Debug|Any CPU
		{93784EC1-5DB7-4A90-874C-BE3AF82A32CE}.Release|Any CPU.ActiveCfg = Release|Any CPU
		{93784EC1-5DB7-4A90-874C-BE3AF82A32CE}.Release|Any CPU.Build.0 = Release|Any CPU
		{12D032C4-9338-4163-81DF-31522B79DB69}.Debug|Any CPU.ActiveCfg = Debug|Any CPU
		{12D032C4-9338-4163-81DF-31522B79DB69}.Debug|Any CPU.Build.0 = Debug|Any CPU
		{12D032C4-9338-4163-81DF-31522B79DB69}.Release|Any CPU.ActiveCfg = Release|Any CPU
		{12D032C4-9338-4163-81DF-31522B79DB69}.Release|Any CPU.Build.0 = Release|Any CPU
		{6660BD36-BE90-4A85-9485-5F55B220844A}.Debug|Any CPU.ActiveCfg = Debug|Any CPU
		{6660BD36-BE90-4A85-9485-5F55B220844A}.Debug|Any CPU.Build.0 = Debug|Any CPU
		{6660BD36-BE90-4A85-9485-5F55B220844A}.Release|Any CPU.ActiveCfg = Release|Any CPU
		{6660BD36-BE90-4A85-9485-5F55B220844A}.Release|Any CPU.Build.0 = Release|Any CPU
		{872F4F99-890C-49FA-AD55-C220F8EC4E71}.Debug|Any CPU.ActiveCfg = Debug|Any CPU
		{872F4F99-890C-49FA-AD55-C220F8EC4E71}.Debug|Any CPU.Build.0 = Debug|Any CPU
		{872F4F99-890C-49FA-AD55-C220F8EC4E71}.Release|Any CPU.ActiveCfg = Release|Any CPU
		{872F4F99-890C-49FA-AD55-C220F8EC4E71}.Release|Any CPU.Build.0 = Release|Any CPU
		{60B702D0-8738-4B4B-853D-C50277B2C6DB}.Debug|Any CPU.ActiveCfg = Debug|Any CPU
		{60B702D0-8738-4B4B-853D-C50277B2C6DB}.Debug|Any CPU.Build.0 = Debug|Any CPU
		{60B702D0-8738-4B4B-853D-C50277B2C6DB}.Release|Any CPU.ActiveCfg = Release|Any CPU
		{60B702D0-8738-4B4B-853D-C50277B2C6DB}.Release|Any CPU.Build.0 = Release|Any CPU
		{12E88E8F-26B3-48AE-8BAC-C8F95EF690BF}.Debug|Any CPU.ActiveCfg = Debug|Any CPU
		{12E88E8F-26B3-48AE-8BAC-C8F95EF690BF}.Debug|Any CPU.Build.0 = Debug|Any CPU
		{12E88E8F-26B3-48AE-8BAC-C8F95EF690BF}.Release|Any CPU.ActiveCfg = Release|Any CPU
		{12E88E8F-26B3-48AE-8BAC-C8F95EF690BF}.Release|Any CPU.Build.0 = Release|Any CPU
		{9F4ED3B6-3065-44F6-B642-C5F8BCFA9D9E}.Debug|Any CPU.ActiveCfg = Debug|Any CPU
		{9F4ED3B6-3065-44F6-B642-C5F8BCFA9D9E}.Debug|Any CPU.Build.0 = Debug|Any CPU
		{9F4ED3B6-3065-44F6-B642-C5F8BCFA9D9E}.Release|Any CPU.ActiveCfg = Release|Any CPU
		{9F4ED3B6-3065-44F6-B642-C5F8BCFA9D9E}.Release|Any CPU.Build.0 = Release|Any CPU
		{BB00F4AE-65C4-44EC-9F40-57C793E8CD1E}.Debug|Any CPU.ActiveCfg = Debug|Any CPU
		{BB00F4AE-65C4-44EC-9F40-57C793E8CD1E}.Debug|Any CPU.Build.0 = Debug|Any CPU
		{BB00F4AE-65C4-44EC-9F40-57C793E8CD1E}.Release|Any CPU.ActiveCfg = Release|Any CPU
		{BB00F4AE-65C4-44EC-9F40-57C793E8CD1E}.Release|Any CPU.Build.0 = Release|Any CPU
	EndGlobalSection
	GlobalSection(NestedProjects) = preSolution
		{2C2B948B-2317-4047-A639-D676C2BDAC98} = {AB4D4AC8-E89B-42ED-9CE0-AD143F64352B}
		{4AF5FCC8-FF4B-4955-A77F-4EB4E8D70172} = {AB4D4AC8-E89B-42ED-9CE0-AD143F64352B}
		{504ED469-CF69-4989-AF7C-A6096B955C62} = {AB4D4AC8-E89B-42ED-9CE0-AD143F64352B}
		{96FA3479-84F1-4938-A641-3F058F733E8A} = {DD816332-27DE-4970-B2FF-07BBD23C0CED}
		{7F3FC4C9-88A5-4387-882C-810D8412400A} = {96FA3479-84F1-4938-A641-3F058F733E8A}
		{DCFB0F9E-1BF9-4D65-B8E5-FD7983FA39D2} = {96FA3479-84F1-4938-A641-3F058F733E8A}
		{4A898616-518A-4CD3-84C5-A4A0535B64D0} = {96FA3479-84F1-4938-A641-3F058F733E8A}
		{4329132A-3715-4DD5-ACE9-3FF2A16EF1E8} = {96FA3479-84F1-4938-A641-3F058F733E8A}
		{6193BF37-B0AA-4EE3-BA9E-AC66E0D139B7} = {DD816332-27DE-4970-B2FF-07BBD23C0CED}
		{9F4ED3B6-3065-44F6-B642-C5F8BCFA9D9E} = {6193BF37-B0AA-4EE3-BA9E-AC66E0D139B7}
		{6E4A4D5C-7917-4839-A1ED-9707D6F97666} = {DD816332-27DE-4970-B2FF-07BBD23C0CED}
		{6660BD36-BE90-4A85-9485-5F55B220844A} = {6E4A4D5C-7917-4839-A1ED-9707D6F97666}
		{12D032C4-9338-4163-81DF-31522B79DB69} = {6E4A4D5C-7917-4839-A1ED-9707D6F97666}
		{AA10423A-5D8C-41B9-A615-9971B24B0777} = {6E4A4D5C-7917-4839-A1ED-9707D6F97666}
		{93784EC1-5DB7-4A90-874C-BE3AF82A32CE} = {6E4A4D5C-7917-4839-A1ED-9707D6F97666}
		{23E27F05-8DB4-4B92-9474-555906E60ABB} = {DD816332-27DE-4970-B2FF-07BBD23C0CED}
		{12E88E8F-26B3-48AE-8BAC-C8F95EF690BF} = {23E27F05-8DB4-4B92-9474-555906E60ABB}
		{872F4F99-890C-49FA-AD55-C220F8EC4E71} = {23E27F05-8DB4-4B92-9474-555906E60ABB}
		{60B702D0-8738-4B4B-853D-C50277B2C6DB} = {23E27F05-8DB4-4B92-9474-555906E60ABB}
		{BB00F4AE-65C4-44EC-9F40-57C793E8CD1E} = {6193BF37-B0AA-4EE3-BA9E-AC66E0D139B7}
	EndGlobalSection
EndGlobal
