
Microsoft Visual Studio Solution File, Format Version 12.00
Project("{2150E333-8FDC-42A3-9474-1A3956D46DE8}") = "src", "src", "{DD816332-27DE-4970-B2FF-07BBD23C0CED}"
EndProject
Project("{FAE04EC0-301F-11D3-BF4B-00C04F79EFBC}") = "Domain", "src\Domain\Domain.csproj", "{D98757CC-B8C8-4D10-B8B9-5E4B93187936}"
EndProject
Project("{FAE04EC0-301F-11D3-BF4B-00C04F79EFBC}") = "Application", "src\Application\Application.csproj", "{1CC33393-85B8-48D4-81AD-6F99232B5B69}"
EndProject
Project("{FAE04EC0-301F-11D3-BF4B-00C04F79EFBC}") = "Infrastructure", "src\Infrastructure\Infrastructure.csproj", "{77985DB9-3C19-440F-9AD8-894F39D63114}"
EndProject
Project("{FAE04EC0-301F-11D3-BF4B-00C04F79EFBC}") = "Presentation", "src\Presentation\Presentation\Presentation.csproj", "{44E46AC0-A223-4343-B551-FDAF54EB53B6}"
EndProject
Project("{FAE04EC0-301F-11D3-BF4B-00C04F79EFBC}") = "Presentation.Client", "src\Presentation\Presentation.Client\Presentation.Client.csproj", "{73DD48C9-4BE7-4A70-A73B-C47282F7533E}"
EndProject
Project("{2150E333-8FDC-42A3-9474-1A3956D46DE8}") = "tests", "tests", "{AB4D4AC8-E89B-42ED-9CE0-AD143F64352B}"
EndProject
Project("{FAE04EC0-301F-11D3-BF4B-00C04F79EFBC}") = "UnitTests", "tests\UnitTests\UnitTests.csproj", "{2C2B948B-2317-4047-A639-D676C2BDAC98}"
EndProject
Project("{FAE04EC0-301F-11D3-BF4B-00C04F79EFBC}") = "IntegrationTests", "tests\IntegrationTests\IntegrationTests.csproj", "{4AF5FCC8-FF4B-4955-A77F-4EB4E8D70172}"
EndProject
Project("{FAE04EC0-301F-11D3-BF4B-00C04F79EFBC}") = "ArchitectureTests", "tests\ArchitectureTests\ArchitectureTests.csproj", "{504ED469-CF69-4989-AF7C-A6096B955C62}"
EndProject
Project("{FAE04EC0-301F-11D3-BF4B-00C04F79EFBC}") = "Presentation.Shared", "src\Presentation\Presentation.Shared\Presentation.Shared.csproj", "{D89B3045-9205-4D5E-B9AC-A5E9B6529EB5}"
EndProject
Project("{FAE04EC0-301F-11D3-BF4B-00C04F79EFBC}") = "BuildingBlocks.Domain", "src\BuildingBlocks\BuildingBlocks.Domain\BuildingBlocks.Domain.csproj", "{DCFB0F9E-1BF9-4D65-B8E5-FD7983FA39D2}"
EndProject
Project("{FAE04EC0-301F-11D3-BF4B-00C04F79EFBC}") = "BuildingBlocks.Infrastructure", "src\BuildingBlocks\BuildingBlocks.Infrastructure\BuildingBlocks.Infrastructure.csproj", "{4A898616-518A-4CD3-84C5-A4A0535B64D0}"
EndProject
Project("{FAE04EC0-301F-11D3-BF4B-00C04F79EFBC}") = "BuildingBlocks.Integrations.OneC", "src\BuildingBlocks\BuildingBlocks.Integrations.OneC\BuildingBlocks.Integrations.OneC.csproj", "{4329132A-3715-4DD5-ACE9-3FF2A16EF1E8}"
EndProject
Project("{FAE04EC0-301F-11D3-BF4B-00C04F79EFBC}") = "BuildingBlocks.Application", "src\BuildingBlocks\BuildingBlocks.Application\BuildingBlocks.Application.csproj", "{7F3FC4C9-88A5-4387-882C-810D8412400A}"
EndProject
Project("{FAE04EC0-301F-11D3-BF4B-00C04F79EFBC}") = "Catalog.Domain", "src\Catalog\Catalog.Domain\Catalog.Domain.csproj", "{AA10423A-5D8C-41B9-A615-9971B24B0777}"
EndProject
Project("{FAE04EC0-301F-11D3-BF4B-00C04F79EFBC}") = "Catalog.Infrastructure", "src\Catalog\Catalog.Infrastructure\Catalog.Infrastructure.csproj", "{93784EC1-5DB7-4A90-874C-BE3AF82A32CE}"
EndProject
Project("{FAE04EC0-301F-11D3-BF4B-00C04F79EFBC}") = "Catalog.Application", "src\Catalog\Catalog.Application\Catalog.Application.csproj", "{12D032C4-9338-4163-81DF-31522B79DB69}"
EndProject
Project("{FAE04EC0-301F-11D3-BF4B-00C04F79EFBC}") = "Catalog.Api", "src\Catalog\Catalog.Api\Catalog.Api.csproj", "{6660BD36-BE90-4A85-9485-5F55B220844A}"
EndProject
Global
	GlobalSection(SolutionConfigurationPlatforms) = preSolution
		Debug|Any CPU = Debug|Any CPU
		Release|Any CPU = Release|Any CPU
	EndGlobalSection
	GlobalSection(ProjectConfigurationPlatforms) = postSolution
		{D98757CC-B8C8-4D10-B8B9-5E4B93187936}.Debug|Any CPU.ActiveCfg = Debug|Any CPU
		{D98757CC-B8C8-4D10-B8B9-5E4B93187936}.Debug|Any CPU.Build.0 = Debug|Any CPU
		{D98757CC-B8C8-4D10-B8B9-5E4B93187936}.Release|Any CPU.ActiveCfg = Release|Any CPU
		{D98757CC-B8C8-4D10-B8B9-5E4B93187936}.Release|Any CPU.Build.0 = Release|Any CPU
		{1CC33393-85B8-48D4-81AD-6F99232B5B69}.Debug|Any CPU.ActiveCfg = Debug|Any CPU
		{1CC33393-85B8-48D4-81AD-6F99232B5B69}.Debug|Any CPU.Build.0 = Debug|Any CPU
		{1CC33393-85B8-48D4-81AD-6F99232B5B69}.Release|Any CPU.ActiveCfg = Release|Any CPU
		{1CC33393-85B8-48D4-81AD-6F99232B5B69}.Release|Any CPU.Build.0 = Release|Any CPU
		{77985DB9-3C19-440F-9AD8-894F39D63114}.Debug|Any CPU.ActiveCfg = Debug|Any CPU
		{77985DB9-3C19-440F-9AD8-894F39D63114}.Debug|Any CPU.Build.0 = Debug|Any CPU
		{77985DB9-3C19-440F-9AD8-894F39D63114}.Release|Any CPU.ActiveCfg = Release|Any CPU
		{77985DB9-3C19-440F-9AD8-894F39D63114}.Release|Any CPU.Build.0 = Release|Any CPU
		{44E46AC0-A223-4343-B551-FDAF54EB53B6}.Debug|Any CPU.ActiveCfg = Debug|Any CPU
		{44E46AC0-A223-4343-B551-FDAF54EB53B6}.Debug|Any CPU.Build.0 = Debug|Any CPU
		{44E46AC0-A223-4343-B551-FDAF54EB53B6}.Release|Any CPU.ActiveCfg = Release|Any CPU
		{44E46AC0-A223-4343-B551-FDAF54EB53B6}.Release|Any CPU.Build.0 = Release|Any CPU
		{73DD48C9-4BE7-4A70-A73B-C47282F7533E}.Debug|Any CPU.ActiveCfg = Debug|Any CPU
		{73DD48C9-4BE7-4A70-A73B-C47282F7533E}.Debug|Any CPU.Build.0 = Debug|Any CPU
		{73DD48C9-4BE7-4A70-A73B-C47282F7533E}.Release|Any CPU.ActiveCfg = Release|Any CPU
		{73DD48C9-4BE7-4A70-A73B-C47282F7533E}.Release|Any CPU.Build.0 = Release|Any CPU
		{2C2B948B-2317-4047-A639-D676C2BDAC98}.Debug|Any CPU.ActiveCfg = Debug|Any CPU
		{2C2B948B-2317-4047-A639-D676C2BDAC98}.Debug|Any CPU.Build.0 = Debug|Any CPU
		{2C2B948B-2317-4047-A639-D676C2BDAC98}.Release|Any CPU.ActiveCfg = Release|Any CPU
		{2C2B948B-2317-4047-A639-D676C2BDAC98}.Release|Any CPU.Build.0 = Release|Any CPU
		{4AF5FCC8-FF4B-4955-A77F-4EB4E8D70172}.Debug|Any CPU.ActiveCfg = Debug|Any CPU
		{4AF5FCC8-FF4B-4955-A77F-4EB4E8D70172}.Debug|Any CPU.Build.0 = Debug|Any CPU
		{4AF5FCC8-FF4B-4955-A77F-4EB4E8D70172}.Release|Any CPU.ActiveCfg = Release|Any CPU
		{4AF5FCC8-FF4B-4955-A77F-4EB4E8D70172}.Release|Any CPU.Build.0 = Release|Any CPU
		{504ED469-CF69-4989-AF7C-A6096B955C62}.Debug|Any CPU.ActiveCfg = Debug|Any CPU
		{504ED469-CF69-4989-AF7C-A6096B955C62}.Debug|Any CPU.Build.0 = Debug|Any CPU
		{504ED469-CF69-4989-AF7C-A6096B955C62}.Release|Any CPU.ActiveCfg = Release|Any CPU
		{504ED469-CF69-4989-AF7C-A6096B955C62}.Release|Any CPU.Build.0 = Release|Any CPU
		{D89B3045-9205-4D5E-B9AC-A5E9B6529EB5}.Debug|Any CPU.ActiveCfg = Debug|Any CPU
		{D89B3045-9205-4D5E-B9AC-A5E9B6529EB5}.Debug|Any CPU.Build.0 = Debug|Any CPU
		{D89B3045-9205-4D5E-B9AC-A5E9B6529EB5}.Release|Any CPU.ActiveCfg = Release|Any CPU
		{D89B3045-9205-4D5E-B9AC-A5E9B6529EB5}.Release|Any CPU.Build.0 = Release|Any CPU
		{DCFB0F9E-1BF9-4D65-B8E5-FD7983FA39D2}.Debug|Any CPU.ActiveCfg = Debug|Any CPU
		{DCFB0F9E-1BF9-4D65-B8E5-FD7983FA39D2}.Debug|Any CPU.Build.0 = Debug|Any CPU
		{DCFB0F9E-1BF9-4D65-B8E5-FD7983FA39D2}.Release|Any CPU.ActiveCfg = Release|Any CPU
		{DCFB0F9E-1BF9-4D65-B8E5-FD7983FA39D2}.Release|Any CPU.Build.0 = Release|Any CPU
		{4A898616-518A-4CD3-84C5-A4A0535B64D0}.Debug|Any CPU.ActiveCfg = Debug|Any CPU
		{4A898616-518A-4CD3-84C5-A4A0535B64D0}.Debug|Any CPU.Build.0 = Debug|Any CPU
		{4A898616-518A-4CD3-84C5-A4A0535B64D0}.Release|Any CPU.ActiveCfg = Release|Any CPU
		{4A898616-518A-4CD3-84C5-A4A0535B64D0}.Release|Any CPU.Build.0 = Release|Any CPU
		{4329132A-3715-4DD5-ACE9-3FF2A16EF1E8}.Debug|Any CPU.ActiveCfg = Debug|Any CPU
		{4329132A-3715-4DD5-ACE9-3FF2A16EF1E8}.Debug|Any CPU.Build.0 = Debug|Any CPU
		{4329132A-3715-4DD5-ACE9-3FF2A16EF1E8}.Release|Any CPU.ActiveCfg = Release|Any CPU
		{4329132A-3715-4DD5-ACE9-3FF2A16EF1E8}.Release|Any CPU.Build.0 = Release|Any CPU
		{7F3FC4C9-88A5-4387-882C-810D8412400A}.Debug|Any CPU.ActiveCfg = Debug|Any CPU
		{7F3FC4C9-88A5-4387-882C-810D8412400A}.Debug|Any CPU.Build.0 = Debug|Any CPU
		{7F3FC4C9-88A5-4387-882C-810D8412400A}.Release|Any CPU.ActiveCfg = Release|Any CPU
		{7F3FC4C9-88A5-4387-882C-810D8412400A}.Release|Any CPU.Build.0 = Release|Any CPU
		{AA10423A-5D8C-41B9-A615-9971B24B0777}.Debug|Any CPU.ActiveCfg = Debug|Any CPU
		{AA10423A-5D8C-41B9-A615-9971B24B0777}.Debug|Any CPU.Build.0 = Debug|Any CPU
		{AA10423A-5D8C-41B9-A615-9971B24B0777}.Release|Any CPU.ActiveCfg = Release|Any CPU
		{AA10423A-5D8C-41B9-A615-9971B24B0777}.Release|Any CPU.Build.0 = Release|Any CPU
		{93784EC1-5DB7-4A90-874C-BE3AF82A32CE}.Debug|Any CPU.ActiveCfg = Debug|Any CPU
		{93784EC1-5DB7-4A90-874C-BE3AF82A32CE}.Debug|Any CPU.Build.0 = Debug|Any CPU
		{93784EC1-5DB7-4A90-874C-BE3AF82A32CE}.Release|Any CPU.ActiveCfg = Release|Any CPU
		{93784EC1-5DB7-4A90-874C-BE3AF82A32CE}.Release|Any CPU.Build.0 = Release|Any CPU
		{12D032C4-9338-4163-81DF-31522B79DB69}.Debug|Any CPU.ActiveCfg = Debug|Any CPU
		{12D032C4-9338-4163-81DF-31522B79DB69}.Debug|Any CPU.Build.0 = Debug|Any CPU
		{12D032C4-9338-4163-81DF-31522B79DB69}.Release|Any CPU.ActiveCfg = Release|Any CPU
		{12D032C4-9338-4163-81DF-31522B79DB69}.Release|Any CPU.Build.0 = Release|Any CPU
		{6660BD36-BE90-4A85-9485-5F55B220844A}.Debug|Any CPU.ActiveCfg = Debug|Any CPU
		{6660BD36-BE90-4A85-9485-5F55B220844A}.Debug|Any CPU.Build.0 = Debug|Any CPU
		{6660BD36-BE90-4A85-9485-5F55B220844A}.Release|Any CPU.ActiveCfg = Release|Any CPU
		{6660BD36-BE90-4A85-9485-5F55B220844A}.Release|Any CPU.Build.0 = Release|Any CPU
	EndGlobalSection
	GlobalSection(NestedProjects) = preSolution
		{D98757CC-B8C8-4D10-B8B9-5E4B93187936} = {DD816332-27DE-4970-B2FF-07BBD23C0CED}
		{1CC33393-85B8-48D4-81AD-6F99232B5B69} = {DD816332-27DE-4970-B2FF-07BBD23C0CED}
		{77985DB9-3C19-440F-9AD8-894F39D63114} = {DD816332-27DE-4970-B2FF-07BBD23C0CED}
		{44E46AC0-A223-4343-B551-FDAF54EB53B6} = {DD816332-27DE-4970-B2FF-07BBD23C0CED}
		{73DD48C9-4BE7-4A70-A73B-C47282F7533E} = {DD816332-27DE-4970-B2FF-07BBD23C0CED}
		{2C2B948B-2317-4047-A639-D676C2BDAC98} = {AB4D4AC8-E89B-42ED-9CE0-AD143F64352B}
		{4AF5FCC8-FF4B-4955-A77F-4EB4E8D70172} = {AB4D4AC8-E89B-42ED-9CE0-AD143F64352B}
		{504ED469-CF69-4989-AF7C-A6096B955C62} = {AB4D4AC8-E89B-42ED-9CE0-AD143F64352B}
		{D89B3045-9205-4D5E-B9AC-A5E9B6529EB5} = {DD816332-27DE-4970-B2FF-07BBD23C0CED}
		{DCFB0F9E-1BF9-4D65-B8E5-FD7983FA39D2} = {DD816332-27DE-4970-B2FF-07BBD23C0CED}
		{4A898616-518A-4CD3-84C5-A4A0535B64D0} = {DD816332-27DE-4970-B2FF-07BBD23C0CED}
		{4329132A-3715-4DD5-ACE9-3FF2A16EF1E8} = {DD816332-27DE-4970-B2FF-07BBD23C0CED}
		{7F3FC4C9-88A5-4387-882C-810D8412400A} = {DD816332-27DE-4970-B2FF-07BBD23C0CED}
		{AA10423A-5D8C-41B9-A615-9971B24B0777} = {DD816332-27DE-4970-B2FF-07BBD23C0CED}
		{93784EC1-5DB7-4A90-874C-BE3AF82A32CE} = {DD816332-27DE-4970-B2FF-07BBD23C0CED}
		{12D032C4-9338-4163-81DF-31522B79DB69} = {DD816332-27DE-4970-B2FF-07BBD23C0CED}
		{6660BD36-BE90-4A85-9485-5F55B220844A} = {DD816332-27DE-4970-B2FF-07BBD23C0CED}
	EndGlobalSection
EndGlobal
